
Microsoft Visual Studio Solution File, Format Version 12.00
# Visual Studio 15
VisualStudioVersion = 15.0.26730.3
MinimumVisualStudioVersion = 10.0.40219.1
Project("{FAE04EC0-301F-11D3-BF4B-00C04F79EFBC}") = "AutBot", "AutBot.csproj", "{2AE4D6BC-4F06-4D2F-B29C-CEFA8E1ED79A}"
EndProject
Global
	GlobalSection(SolutionConfigurationPlatforms) = preSolution
		Debug|Any CPU = Debug|Any CPU
		Release|Any CPU = Release|Any CPU
	EndGlobalSection
	GlobalSection(ProjectConfigurationPlatforms) = postSolution
		{2AE4D6BC-4F06-4D2F-B29C-CEFA8E1ED79A}.Debug|Any CPU.ActiveCfg = Debug|Any CPU
		{2AE4D6BC-4F06-4D2F-B29C-CEFA8E1ED79A}.Debug|Any CPU.Build.0 = Debug|Any CPU
		{2AE4D6BC-4F06-4D2F-B29C-CEFA8E1ED79A}.Release|Any CPU.ActiveCfg = Release|Any CPU
		{2AE4D6BC-4F06-4D2F-B29C-CEFA8E1ED79A}.Release|Any CPU.Build.0 = Release|Any CPU
	EndGlobalSection
	GlobalSection(SolutionProperties) = preSolution
		HideSolutionNode = FALSE
	EndGlobalSection
	GlobalSection(ExtensibilityGlobals) = postSolution
		SolutionGuid = {EC4E1D77-C794-4BB6-A2AF-B6018FD49922}
	EndGlobalSection
EndGlobal
